<?xml version="1.0" encoding="utf-8"?>
<Project ToolsVersion="4.0" xmlns="http://schemas.microsoft.com/developer/msbuild/2003">
  <ItemGroup>
    <Filter Include="源文件">
      <UniqueIdentifier>{4FC737F1-C7A5-4376-A066-2A32D752A2FF}</UniqueIdentifier>
      <Extensions>cpp;c;cc;cxx;c++;cppm;ixx;def;odl;idl;hpj;bat;asm;asmx</Extensions>
    </Filter>
    <Filter Include="头文件">
      <UniqueIdentifier>{93995380-89BD-4b04-88EB-625FBE52EBFB}</UniqueIdentifier>
      <Extensions>h;hh;hpp;hxx;h++;hm;inl;inc;ipp;xsd</Extensions>
    </Filter>
    <Filter Include="资源文件">
      <UniqueIdentifier>{67DA6AB6-F800-4c08-8B7A-83BB121AAD01}</UniqueIdentifier>
      <Extensions>rc;ico;cur;bmp;dlg;rc2;rct;bin;rgs;gif;jpg;jpeg;jpe;resx;tiff;tif;png;wav;mfcribbon-ms</Extensions>
    </Filter>
  </ItemGroup>
  <ItemGroup>
    <ClInclude Include="..\..\ladder\include\Acceptor.h">
      <Filter>头文件</Filter>
    </ClInclude>
    <ClInclude Include="..\..\ladder\include\ArgumentParser.h">
      <Filter>头文件</Filter>
    </ClInclude>
    <ClInclude Include="..\..\ladder\include\Buffer.h">
      <Filter>头文件</Filter>
    </ClInclude>
    <ClInclude Include="..\..\ladder\include\Channel.h">
      <Filter>头文件</Filter>
    </ClInclude>
    <ClInclude Include="..\..\ladder\include\Connection.h">
      <Filter>头文件</Filter>
    </ClInclude>
    <ClInclude Include="..\..\ladder\include\EventLoop.h">
      <Filter>头文件</Filter>
    </ClInclude>
    <ClInclude Include="..\..\ladder\include\EventLoopThreadPool.h">
      <Filter>头文件</Filter>
    </ClInclude>
    <ClInclude Include="..\..\ladder\include\Socket.h">
      <Filter>头文件</Filter>
    </ClInclude>
    <ClInclude Include="..\..\ladder\include\TcpServer.h">
      <Filter>头文件</Filter>
    </ClInclude>
    <ClInclude Include="..\..\ladder\include\ThreadPool.h">
      <Filter>头文件</Filter>
    </ClInclude>
    <ClInclude Include="..\..\ladder\include\utils.h">
      <Filter>头文件</Filter>
    </ClInclude>
    <ClInclude Include="..\..\ladder\include\Base.h">
      <Filter>头文件</Filter>
    </ClInclude>
    <ClInclude Include="..\..\ladder\include\FileBuffer.h">
      <Filter>头文件</Filter>
    </ClInclude>
    <ClInclude Include="..\..\ladder\include\GZip.h">
      <Filter>头文件</Filter>
    </ClInclude>
    <ClInclude Include="..\..\ladder\include\Logging.h">
      <Filter>头文件</Filter>
    </ClInclude>
    <ClInclude Include="..\..\ladder\include\MemoryPool.h">
      <Filter>头文件</Filter>
    </ClInclude>
    <ClInclude Include="..\..\ladder\include\TlsConnection.h">
      <Filter>头文件</Filter>
    </ClInclude>
    <ClInclude Include="..\..\ladder\include\codec\Codec.h">
      <Filter>头文件</Filter>
    </ClInclude>
    <ClInclude Include="..\..\ladder\include\codec\ProtobufCodec.h">
      <Filter>头文件</Filter>
    </ClInclude>
    <ClInclude Include="..\..\ladder\include\port.h">
      <Filter>头文件</Filter>
    </ClInclude>
  </ItemGroup>
  <ItemGroup>
    <ClCompile Include="..\..\ladder\src\Acceptor.cpp">
      <Filter>源文件</Filter>
    </ClCompile>
    <ClCompile Include="..\..\ladder\src\ArgumentParser.cpp">
      <Filter>源文件</Filter>
    </ClCompile>
    <ClCompile Include="..\..\ladder\src\Buffer.cpp">
      <Filter>源文件</Filter>
    </ClCompile>
    <ClCompile Include="..\..\ladder\src\Channel.cpp">
      <Filter>源文件</Filter>
    </ClCompile>
    <ClCompile Include="..\..\ladder\src\Connection.cpp">
      <Filter>源文件</Filter>
    </ClCompile>
    <ClCompile Include="..\..\ladder\src\EventLoop.cpp">
      <Filter>源文件</Filter>
    </ClCompile>
    <ClCompile Include="..\..\ladder\src\EventLoopThreadPool.cpp">
      <Filter>源文件</Filter>
    </ClCompile>
    <ClCompile Include="..\..\ladder\src\Socket.cpp">
      <Filter>源文件</Filter>
    </ClCompile>
    <ClCompile Include="..\..\ladder\src\TcpServer.cpp">
      <Filter>源文件</Filter>
    </ClCompile>
    <ClCompile Include="..\..\ladder\src\ThreadPool.cpp">
      <Filter>源文件</Filter>
    </ClCompile>
    <ClCompile Include="..\..\ladder\src\utils.cpp">
      <Filter>源文件</Filter>
    </ClCompile>
    <ClCompile Include="..\..\ladder\src\codec\Codec.cpp">
      <Filter>源文件</Filter>
    </ClCompile>
    <ClCompile Include="..\..\ladder\src\codec\ProtobufCodec.cpp">
      <Filter>源文件</Filter>
    </ClCompile>
    <ClCompile Include="..\..\ladder\src\FileBuffer.cpp">
      <Filter>源文件</Filter>
    </ClCompile>
    <ClCompile Include="..\..\ladder\src\GZip.cpp">
      <Filter>源文件</Filter>
    </ClCompile>
    <ClCompile Include="..\..\ladder\src\Logging.cpp">
      <Filter>源文件</Filter>
    </ClCompile>
    <ClCompile Include="..\..\ladder\src\TlsConnection.cpp">
      <Filter>源文件</Filter>
    </ClCompile>
    <ClCompile Include="..\..\ladder\src\Base.cpp">
      <Filter>源文件</Filter>
    </ClCompile>
    <ClCompile Include="..\..\ladder\src\MemoryPool.cpp">
      <Filter>源文件</Filter>
    </ClCompile>
  </ItemGroup>
</Project>